
Microsoft Visual Studio Solution File, Format Version 11.00
# Visual C++ Express 2010
Project("{8BC9CEB8-8B4A-11D0-8D11-00A0C91BC942}") = "minimal_pntpos", "minimal_pntpos.vcxproj", "{50DD2B1E-7808-4FD8-9503-0F746C01300A}"
EndProject
Global
	GlobalSection(SolutionConfigurationPlatforms) = preSolution
		Debug|Win32 = Debug|Win32
		Release|Win32 = Release|Win32
	EndGlobalSection
	GlobalSection(ProjectConfigurationPlatforms) = postSolution
		{50DD2B1E-7808-4FD8-9503-0F746C01300A}.Debug|Win32.ActiveCfg = Debug|Win32
		{50DD2B1E-7808-4FD8-9503-0F746C01300A}.Debug|Win32.Build.0 = Debug|Win32
		{50DD2B1E-7808-4FD8-9503-0F746C01300A}.Release|Win32.ActiveCfg = Release|Win32
		{50DD2B1E-7808-4FD8-9503-0F746C01300A}.Release|Win32.Build.0 = Release|Win32
	EndGlobalSection
	GlobalSection(SolutionProperties) = preSolution
		HideSolutionNode = FALSE
	EndGlobalSection
EndGlobal
